
Microsoft Visual Studio Solution File, Format Version 11.00
# Visual Studio 2010
Project("{FAE04EC0-301F-11D3-BF4B-00C04F79EFBC}") = "LeapMotionTest", "Assembly-CSharp.csproj", "{DB4D82E0-7897-F730-9B6C-6A7CBC7FE1D2}"
EndProject
Project("{FAE04EC0-301F-11D3-BF4B-00C04F79EFBC}") = "LeapMotionTest", "Assembly-CSharp-Editor.csproj", "{A47D738A-03A5-B7B7-D5F4-B19674BA2B60}"
EndProject
Global
	GlobalSection(SolutionConfigurationPlatforms) = preSolution
		Debug|Any CPU = Debug|Any CPU
		Release|Any CPU = Release|Any CPU
	EndGlobalSection
	GlobalSection(ProjectConfigurationPlatforms) = postSolution
		{DB4D82E0-7897-F730-9B6C-6A7CBC7FE1D2}.Debug|Any CPU.ActiveCfg = Debug|Any CPU
		{DB4D82E0-7897-F730-9B6C-6A7CBC7FE1D2}.Debug|Any CPU.Build.0 = Debug|Any CPU
		{DB4D82E0-7897-F730-9B6C-6A7CBC7FE1D2}.Release|Any CPU.ActiveCfg = Release|Any CPU
		{DB4D82E0-7897-F730-9B6C-6A7CBC7FE1D2}.Release|Any CPU.Build.0 = Release|Any CPU
		{A47D738A-03A5-B7B7-D5F4-B19674BA2B60}.Debug|Any CPU.ActiveCfg = Debug|Any CPU
		{A47D738A-03A5-B7B7-D5F4-B19674BA2B60}.Debug|Any CPU.Build.0 = Debug|Any CPU
		{A47D738A-03A5-B7B7-D5F4-B19674BA2B60}.Release|Any CPU.ActiveCfg = Release|Any CPU
		{A47D738A-03A5-B7B7-D5F4-B19674BA2B60}.Release|Any CPU.Build.0 = Release|Any CPU
	EndGlobalSection
	GlobalSection(SolutionProperties) = preSolution
		HideSolutionNode = FALSE
	EndGlobalSection
	GlobalSection(MonoDevelopProperties) = preSolution
		StartupItem = Assembly-CSharp.csproj
	EndGlobalSection
EndGlobal
